Microsoft Visual Studio Solution File, Format Version 12.00
# Visual Studio Version 17
VisualStudioVersion = 17.5.2.0
MinimumVisualStudioVersion = 10.0.40219.1
Project("{FAE04EC0-301F-11D3-BF4B-00C04F79EFBC}") = "Portfolie", "Portfolie.csproj", "{B408043C-5BBA-EEC2-6A24-4A5A22778B68}"
EndProject
Global
	GlobalSection(SolutionConfigurationPlatforms) = preSolution
		Debug|Any CPU = Debug|Any CPU
		Release|Any CPU = Release|Any CPU
	EndGlobalSection
	GlobalSection(ProjectConfigurationPlatforms) = postSolution
		{B408043C-5BBA-EEC2-6A24-4A5A22778B68}.Debug|Any CPU.ActiveCfg = Debug|Any CPU
		{B408043C-5BBA-EEC2-6A24-4A5A22778B68}.Debug|Any CPU.Build.0 = Debug|Any CPU
		{B408043C-5BBA-EEC2-6A24-4A5A22778B68}.Release|Any CPU.ActiveCfg = Release|Any CPU
		{B408043C-5BBA-EEC2-6A24-4A5A22778B68}.Release|Any CPU.Build.0 = Release|Any CPU
	EndGlobalSection
	GlobalSection(SolutionProperties) = preSolution
		HideSolutionNode = FALSE
	EndGlobalSection
	GlobalSection(ExtensibilityGlobals) = postSolution
		SolutionGuid = {64D53F4D-5FCF-4D2D-B65E-E36312F2567F}
	EndGlobalSection
EndGlobal
